
Microsoft Visual Studio Solution File, Format Version 12.00
# Visual Studio 15
VisualStudioVersion = 15.0.28010.2050
MinimumVisualStudioVersion = 10.0.40219.1
Project("{FAE04EC0-301F-11D3-BF4B-00C04F79EFBC}") = "file-taken-datetime", "file-taken-datetime\file-taken-datetime.csproj", "{83576FC6-76A5-4A47-B004-6FDBEEEB84B8}"
EndProject
Global
	GlobalSection(SolutionConfigurationPlatforms) = preSolution
		Debug|Any CPU = Debug|Any CPU
		Release|Any CPU = Release|Any CPU
	EndGlobalSection
	GlobalSection(ProjectConfigurationPlatforms) = postSolution
		{83576FC6-76A5-4A47-B004-6FDBEEEB84B8}.Debug|Any CPU.ActiveCfg = Debug|Any CPU
		{83576FC6-76A5-4A47-B004-6FDBEEEB84B8}.Debug|Any CPU.Build.0 = Debug|Any CPU
		{83576FC6-76A5-4A47-B004-6FDBEEEB84B8}.Release|Any CPU.ActiveCfg = Release|Any CPU
		{83576FC6-76A5-4A47-B004-6FDBEEEB84B8}.Release|Any CPU.Build.0 = Release|Any CPU
	EndGlobalSection
	GlobalSection(SolutionProperties) = preSolution
		HideSolutionNode = FALSE
	EndGlobalSection
	GlobalSection(ExtensibilityGlobals) = postSolution
		SolutionGuid = {03BA8D0C-D6C5-49B2-B967-30924F519690}
	EndGlobalSection
EndGlobal
