
Microsoft Visual Studio Solution File, Format Version 12.00
# Visual Studio 15
VisualStudioVersion = 15.0.28307.329
MinimumVisualStudioVersion = 10.0.40219.1
Project("{FAE04EC0-301F-11D3-BF4B-00C04F79EFBC}") = "Hj212Crc16", "Hj212Crc16\Hj212Crc16.csproj", "{90B798A6-54A1-464D-A9C7-ADCB3D057BEE}"
EndProject
Global
	GlobalSection(SolutionConfigurationPlatforms) = preSolution
		Debug|Any CPU = Debug|Any CPU
		Release|Any CPU = Release|Any CPU
	EndGlobalSection
	GlobalSection(ProjectConfigurationPlatforms) = postSolution
		{90B798A6-54A1-464D-A9C7-ADCB3D057BEE}.Debug|Any CPU.ActiveCfg = Debug|Any CPU
		{90B798A6-54A1-464D-A9C7-ADCB3D057BEE}.Debug|Any CPU.Build.0 = Debug|Any CPU
		{90B798A6-54A1-464D-A9C7-ADCB3D057BEE}.Release|Any CPU.ActiveCfg = Release|Any CPU
		{90B798A6-54A1-464D-A9C7-ADCB3D057BEE}.Release|Any CPU.Build.0 = Release|Any CPU
	EndGlobalSection
	GlobalSection(SolutionProperties) = preSolution
		HideSolutionNode = FALSE
	EndGlobalSection
	GlobalSection(ExtensibilityGlobals) = postSolution
		SolutionGuid = {E6C8AB31-E31E-466C-8B6D-F6997AE9D5E7}
	EndGlobalSection
EndGlobal
