
Microsoft Visual Studio Solution File, Format Version 12.00
# Visual Studio 15
VisualStudioVersion = 15.0.28307.329
MinimumVisualStudioVersion = 10.0.40219.1
Project("{FAE04EC0-301F-11D3-BF4B-00C04F79EFBC}") = "ModbusCrc16", "ModbusCrc16\ModbusCrc16.csproj", "{11DC3316-19A4-4451-A053-3A8CB35BD592}"
EndProject
Global
	GlobalSection(SolutionConfigurationPlatforms) = preSolution
		Debug|Any CPU = Debug|Any CPU
		Release|Any CPU = Release|Any CPU
	EndGlobalSection
	GlobalSection(ProjectConfigurationPlatforms) = postSolution
		{11DC3316-19A4-4451-A053-3A8CB35BD592}.Debug|Any CPU.ActiveCfg = Debug|Any CPU
		{11DC3316-19A4-4451-A053-3A8CB35BD592}.Debug|Any CPU.Build.0 = Debug|Any CPU
		{11DC3316-19A4-4451-A053-3A8CB35BD592}.Release|Any CPU.ActiveCfg = Release|Any CPU
		{11DC3316-19A4-4451-A053-3A8CB35BD592}.Release|Any CPU.Build.0 = Release|Any CPU
	EndGlobalSection
	GlobalSection(SolutionProperties) = preSolution
		HideSolutionNode = FALSE
	EndGlobalSection
	GlobalSection(ExtensibilityGlobals) = postSolution
		SolutionGuid = {2DC38072-685A-4AA7-81D4-476403A17053}
	EndGlobalSection
EndGlobal
